
Microsoft Visual Studio Solution File, Format Version 12.00
# Visual Studio 14
VisualStudioVersion = 14.0.25420.1
MinimumVisualStudioVersion = 10.0.40219.1
Project("{FAE04EC0-301F-11D3-BF4B-00C04F79EFBC}") = "ServicioLotoUCAB.Servicio.Service", "ServicioLotoUCAB.Servicio.Servicio\ServicioLotoUCAB.Servicio.Service.csproj", "{DB68BE8E-82EA-46F4-95E1-5E39C16D8ABD}"
EndProject
Project("{2150E333-8FDC-42A3-9474-1A3956D46DE8}") = "Servicios", "Servicios", "{14345753-E241-4E23-9462-CD512AF94FB7}"
EndProject
Project("{2150E333-8FDC-42A3-9474-1A3956D46DE8}") = "Logica", "Logica", "{0EDBD4BF-3379-4C74-ADE7-F9EA91BB1043}"
EndProject
Project("{2150E333-8FDC-42A3-9474-1A3956D46DE8}") = "Comunes", "Comunes", "{25AC612D-E2D8-479A-8E21-02F9B7FFA30A}"
EndProject
Project("{2150E333-8FDC-42A3-9474-1A3956D46DE8}") = "AccesoDatos", "AccesoDatos", "{8A605DBB-CA79-4E27-82A2-86FDD87CE0BA}"
EndProject
Project("{FAE04EC0-301F-11D3-BF4B-00C04F79EFBC}") = "ServicioLotoUCAB.Servicio.Logica.Comandos", "ServicioLotoUCAB.Servicio.Logica.Comandos\ServicioLotoUCAB.Servicio.Logica.Comandos.csproj", "{91323553-ECF4-4CF8-9C47-6C46D5CCE5C5}"
EndProject
Project("{FAE04EC0-301F-11D3-BF4B-00C04F79EFBC}") = "ServicioLotoUCAB.Servicio.AccesoDatos", "ServicioLotoUCAB.Servicio.AccesoDatos\ServicioLotoUCAB.Servicio.AccesoDatos.csproj", "{6907D65B-DB97-4099-AB59-FFF0AE8BC6E7}"
EndProject
Project("{FAE04EC0-301F-11D3-BF4B-00C04F79EFBC}") = "ServicioLotoUCAB.Servicio.Comunes", "ServicioLotoUCAB.Servicio.Comunes\ServicioLotoUCAB.Servicio.Comunes.csproj", "{20691DEC-C099-430A-9C21-2CD1570D33C3}"
EndProject
Project("{FAE04EC0-301F-11D3-BF4B-00C04F79EFBC}") = "ServicioLotoUCAB.Servicio.Excepciones", "ServicioLotoUCAB.Servicio.Excepciones\ServicioLotoUCAB.Servicio.Excepciones.csproj", "{124654E0-7615-42CD-9016-D3F7DBAF6447}"
EndProject
Project("{FAE04EC0-301F-11D3-BF4B-00C04F79EFBC}") = "ServicioLotoUCAB.Servicio.PruebasUnitarias", "PruebasUnitarias\ServicioLotoUCAB.Servicio.PruebasUnitarias.csproj", "{00645FFA-92BF-4947-987D-A48A3663059E}"
EndProject
Project("{2150E333-8FDC-42A3-9474-1A3956D46DE8}") = "Pruebas", "Pruebas", "{64F2865C-27D9-4D04-B89C-D9E8F651D623}"
EndProject
Project("{2150E333-8FDC-42A3-9474-1A3956D46DE8}") = "Solution Items", "Solution Items", "{B7C05CF0-13F3-409F-A911-F9357EAA586C}"
	ProjectSection(SolutionItems) = preProject
		Graph1.dgml = Graph1.dgml
	EndProjectSection
EndProject
Global
	GlobalSection(SolutionConfigurationPlatforms) = preSolution
		Debug|Any CPU = Debug|Any CPU
		Release|Any CPU = Release|Any CPU
	EndGlobalSection
	GlobalSection(ProjectConfigurationPlatforms) = postSolution
		{DB68BE8E-82EA-46F4-95E1-5E39C16D8ABD}.Debug|Any CPU.ActiveCfg = Debug|Any CPU
		{DB68BE8E-82EA-46F4-95E1-5E39C16D8ABD}.Debug|Any CPU.Build.0 = Debug|Any CPU
		{DB68BE8E-82EA-46F4-95E1-5E39C16D8ABD}.Release|Any CPU.ActiveCfg = Release|Any CPU
		{DB68BE8E-82EA-46F4-95E1-5E39C16D8ABD}.Release|Any CPU.Build.0 = Release|Any CPU
		{91323553-ECF4-4CF8-9C47-6C46D5CCE5C5}.Debug|Any CPU.ActiveCfg = Debug|Any CPU
		{91323553-ECF4-4CF8-9C47-6C46D5CCE5C5}.Debug|Any CPU.Build.0 = Debug|Any CPU
		{91323553-ECF4-4CF8-9C47-6C46D5CCE5C5}.Release|Any CPU.ActiveCfg = Release|Any CPU
		{91323553-ECF4-4CF8-9C47-6C46D5CCE5C5}.Release|Any CPU.Build.0 = Release|Any CPU
		{6907D65B-DB97-4099-AB59-FFF0AE8BC6E7}.Debug|Any CPU.ActiveCfg = Debug|Any CPU
		{6907D65B-DB97-4099-AB59-FFF0AE8BC6E7}.Debug|Any CPU.Build.0 = Debug|Any CPU
		{6907D65B-DB97-4099-AB59-FFF0AE8BC6E7}.Release|Any CPU.ActiveCfg = Release|Any CPU
		{6907D65B-DB97-4099-AB59-FFF0AE8BC6E7}.Release|Any CPU.Build.0 = Release|Any CPU
		{20691DEC-C099-430A-9C21-2CD1570D33C3}.Debug|Any CPU.ActiveCfg = Debug|Any CPU
		{20691DEC-C099-430A-9C21-2CD1570D33C3}.Debug|Any CPU.Build.0 = Debug|Any CPU
		{20691DEC-C099-430A-9C21-2CD1570D33C3}.Release|Any CPU.ActiveCfg = Release|Any CPU
		{20691DEC-C099-430A-9C21-2CD1570D33C3}.Release|Any CPU.Build.0 = Release|Any CPU
		{124654E0-7615-42CD-9016-D3F7DBAF6447}.Debug|Any CPU.ActiveCfg = Debug|Any CPU
		{124654E0-7615-42CD-9016-D3F7DBAF6447}.Debug|Any CPU.Build.0 = Debug|Any CPU
		{124654E0-7615-42CD-9016-D3F7DBAF6447}.Release|Any CPU.ActiveCfg = Release|Any CPU
		{124654E0-7615-42CD-9016-D3F7DBAF6447}.Release|Any CPU.Build.0 = Release|Any CPU
		{00645FFA-92BF-4947-987D-A48A3663059E}.Debug|Any CPU.ActiveCfg = Debug|Any CPU
		{00645FFA-92BF-4947-987D-A48A3663059E}.Debug|Any CPU.Build.0 = Debug|Any CPU
		{00645FFA-92BF-4947-987D-A48A3663059E}.Release|Any CPU.ActiveCfg = Release|Any CPU
		{00645FFA-92BF-4947-987D-A48A3663059E}.Release|Any CPU.Build.0 = Release|Any CPU
	EndGlobalSection
	GlobalSection(SolutionProperties) = preSolution
		HideSolutionNode = FALSE
	EndGlobalSection
	GlobalSection(NestedProjects) = preSolution
		{DB68BE8E-82EA-46F4-95E1-5E39C16D8ABD} = {14345753-E241-4E23-9462-CD512AF94FB7}
		{91323553-ECF4-4CF8-9C47-6C46D5CCE5C5} = {0EDBD4BF-3379-4C74-ADE7-F9EA91BB1043}
		{6907D65B-DB97-4099-AB59-FFF0AE8BC6E7} = {8A605DBB-CA79-4E27-82A2-86FDD87CE0BA}
		{20691DEC-C099-430A-9C21-2CD1570D33C3} = {25AC612D-E2D8-479A-8E21-02F9B7FFA30A}
		{124654E0-7615-42CD-9016-D3F7DBAF6447} = {25AC612D-E2D8-479A-8E21-02F9B7FFA30A}
		{00645FFA-92BF-4947-987D-A48A3663059E} = {64F2865C-27D9-4D04-B89C-D9E8F651D623}
	EndGlobalSection
	GlobalSection(ExtensibilityGlobals) = postSolution
		SolutionGuid = {155F67EF-2D42-4E4C-8FD3-EC0085546AEA}
	EndGlobalSection
EndGlobal
